
Microsoft Visual Studio Solution File, Format Version 12.00
# Visual Studio 15
VisualStudioVersion = 15.0.27703.2000
MinimumVisualStudioVersion = 10.0.40219.1
Project("{FAE04EC0-301F-11D3-BF4B-00C04F79EFBC}") = "MyDiplom", "MyDiplom\MyDiplom.csproj", "{4F90E4FB-946E-4652-A7F9-3B7E5E53F318}"
EndProject
Global
	GlobalSection(SolutionConfigurationPlatforms) = preSolution
		Debug|Any CPU = Debug|Any CPU
		Release|Any CPU = Release|Any CPU
	EndGlobalSection
	GlobalSection(ProjectConfigurationPlatforms) = postSolution
		{4F90E4FB-946E-4652-A7F9-3B7E5E53F318}.Debug|Any CPU.ActiveCfg = Debug|Any CPU
		{4F90E4FB-946E-4652-A7F9-3B7E5E53F318}.Debug|Any CPU.Build.0 = Debug|Any CPU
		{4F90E4FB-946E-4652-A7F9-3B7E5E53F318}.Release|Any CPU.ActiveCfg = Release|Any CPU
		{4F90E4FB-946E-4652-A7F9-3B7E5E53F318}.Release|Any CPU.Build.0 = Release|Any CPU
	EndGlobalSection
	GlobalSection(SolutionProperties) = preSolution
		HideSolutionNode = FALSE
	EndGlobalSection
	GlobalSection(ExtensibilityGlobals) = postSolution
		SolutionGuid = {4451A2BA-D6AE-441F-912A-3E6036D3D823}
	EndGlobalSection
EndGlobal
